
Microsoft Visual Studio Solution File, Format Version 12.00
Project("{FAE04EC0-301F-11D3-BF4B-00C04F79EFBC}") = "LexiCraft.Aspire.Host", "LexiCraft.Aspire.Host\LexiCraft.Aspire.Host.csproj", "{92C44BAC-C466-4B96-9E8E-4B596F7C6C3A}"
EndProject
Project("{FAE04EC0-301F-11D3-BF4B-00C04F79EFBC}") = "LexiCraft.Aspire.ServiceDefaults", "LexiCraft.Aspire.ServiceDefaults\LexiCraft.Aspire.ServiceDefaults.csproj", "{0D5E6DCA-5A8C-4974-88B3-502476C7F005}"
EndProject
Project("{FAE04EC0-301F-11D3-BF4B-00C04F79EFBC}") = "LexiCraft.Infrastructure", "src\LexiCraft.Infrastructure\LexiCraft.Infrastructure.csproj", "{1AF149F5-916F-4048-B917-1DF3924B9F4A}"
EndProject
Project("{2150E333-8FDC-42A3-9474-1A3956D46DE8}") = "src", "src", "{3828E665-D227-42B9-A531-013FE0D1B2C2}"
EndProject
Project("{FAE04EC0-301F-11D3-BF4B-00C04F79EFBC}") = "LexiCraft.Domain", "src\LexiCraft.Domain\LexiCraft.Domain.csproj", "{0437F9D8-7751-430E-95B2-8791BF4AA608}"
EndProject
Project("{FAE04EC0-301F-11D3-BF4B-00C04F79EFBC}") = "LexiCraft.Application", "src\LexiCraft.Application\LexiCraft.Application.csproj", "{BC6FFA5D-FD02-49E4-93F3-2FBBC824E07B}"
EndProject
Project("{FAE04EC0-301F-11D3-BF4B-00C04F79EFBC}") = "LexiCraft.Host", "src\LexiCraft.Host\LexiCraft.Host.csproj", "{9B6FAD30-9DE8-41B2-8737-052739DF8E7F}"
EndProject
Project("{FAE04EC0-301F-11D3-BF4B-00C04F79EFBC}") = "LexiCraft.Application.Contract", "src\LexiCraft.Application.Contract\LexiCraft.Application.Contract.csproj", "{EC6C2A8F-2F33-4743-9C59-523DBBF56FB0}"
EndProject
Project("{2150E333-8FDC-42A3-9474-1A3956D46DE8}") = "framework", "framework", "{BD3122C1-5B01-4D48-96CE-E5B9166F3E7D}"
EndProject
Project("{FAE04EC0-301F-11D3-BF4B-00C04F79EFBC}") = "Z.FreeRedis", "framework\Z.FreeRedis\Z.FreeRedis.csproj", "{001E35B4-78E3-4A9C-AE7F-D7E91CD72205}"
EndProject
Global
	GlobalSection(SolutionConfigurationPlatforms) = preSolution
		Debug|Any CPU = Debug|Any CPU
		Release|Any CPU = Release|Any CPU
	EndGlobalSection
	GlobalSection(ProjectConfigurationPlatforms) = postSolution
		{92C44BAC-C466-4B96-9E8E-4B596F7C6C3A}.Debug|Any CPU.ActiveCfg = Debug|Any CPU
		{92C44BAC-C466-4B96-9E8E-4B596F7C6C3A}.Debug|Any CPU.Build.0 = Debug|Any CPU
		{92C44BAC-C466-4B96-9E8E-4B596F7C6C3A}.Release|Any CPU.ActiveCfg = Release|Any CPU
		{92C44BAC-C466-4B96-9E8E-4B596F7C6C3A}.Release|Any CPU.Build.0 = Release|Any CPU
		{0D5E6DCA-5A8C-4974-88B3-502476C7F005}.Debug|Any CPU.ActiveCfg = Debug|Any CPU
		{0D5E6DCA-5A8C-4974-88B3-502476C7F005}.Debug|Any CPU.Build.0 = Debug|Any CPU
		{0D5E6DCA-5A8C-4974-88B3-502476C7F005}.Release|Any CPU.ActiveCfg = Release|Any CPU
		{0D5E6DCA-5A8C-4974-88B3-502476C7F005}.Release|Any CPU.Build.0 = Release|Any CPU
		{1AF149F5-916F-4048-B917-1DF3924B9F4A}.Debug|Any CPU.ActiveCfg = Debug|Any CPU
		{1AF149F5-916F-4048-B917-1DF3924B9F4A}.Debug|Any CPU.Build.0 = Debug|Any CPU
		{1AF149F5-916F-4048-B917-1DF3924B9F4A}.Release|Any CPU.ActiveCfg = Release|Any CPU
		{1AF149F5-916F-4048-B917-1DF3924B9F4A}.Release|Any CPU.Build.0 = Release|Any CPU
		{0437F9D8-7751-430E-95B2-8791BF4AA608}.Debug|Any CPU.ActiveCfg = Debug|Any CPU
		{0437F9D8-7751-430E-95B2-8791BF4AA608}.Debug|Any CPU.Build.0 = Debug|Any CPU
		{0437F9D8-7751-430E-95B2-8791BF4AA608}.Release|Any CPU.ActiveCfg = Release|Any CPU
		{0437F9D8-7751-430E-95B2-8791BF4AA608}.Release|Any CPU.Build.0 = Release|Any CPU
		{BC6FFA5D-FD02-49E4-93F3-2FBBC824E07B}.Debug|Any CPU.ActiveCfg = Debug|Any CPU
		{BC6FFA5D-FD02-49E4-93F3-2FBBC824E07B}.Debug|Any CPU.Build.0 = Debug|Any CPU
		{BC6FFA5D-FD02-49E4-93F3-2FBBC824E07B}.Release|Any CPU.ActiveCfg = Release|Any CPU
		{BC6FFA5D-FD02-49E4-93F3-2FBBC824E07B}.Release|Any CPU.Build.0 = Release|Any CPU
		{9B6FAD30-9DE8-41B2-8737-052739DF8E7F}.Debug|Any CPU.ActiveCfg = Debug|Any CPU
		{9B6FAD30-9DE8-41B2-8737-052739DF8E7F}.Debug|Any CPU.Build.0 = Debug|Any CPU
		{9B6FAD30-9DE8-41B2-8737-052739DF8E7F}.Release|Any CPU.ActiveCfg = Release|Any CPU
		{9B6FAD30-9DE8-41B2-8737-052739DF8E7F}.Release|Any CPU.Build.0 = Release|Any CPU
		{EC6C2A8F-2F33-4743-9C59-523DBBF56FB0}.Debug|Any CPU.ActiveCfg = Debug|Any CPU
		{EC6C2A8F-2F33-4743-9C59-523DBBF56FB0}.Debug|Any CPU.Build.0 = Debug|Any CPU
		{EC6C2A8F-2F33-4743-9C59-523DBBF56FB0}.Release|Any CPU.ActiveCfg = Release|Any CPU
		{EC6C2A8F-2F33-4743-9C59-523DBBF56FB0}.Release|Any CPU.Build.0 = Release|Any CPU
		{001E35B4-78E3-4A9C-AE7F-D7E91CD72205}.Debug|Any CPU.ActiveCfg = Debug|Any CPU
		{001E35B4-78E3-4A9C-AE7F-D7E91CD72205}.Debug|Any CPU.Build.0 = Debug|Any CPU
		{001E35B4-78E3-4A9C-AE7F-D7E91CD72205}.Release|Any CPU.ActiveCfg = Release|Any CPU
		{001E35B4-78E3-4A9C-AE7F-D7E91CD72205}.Release|Any CPU.Build.0 = Release|Any CPU
	EndGlobalSection
	GlobalSection(NestedProjects) = preSolution
		{1AF149F5-916F-4048-B917-1DF3924B9F4A} = {3828E665-D227-42B9-A531-013FE0D1B2C2}
		{0437F9D8-7751-430E-95B2-8791BF4AA608} = {3828E665-D227-42B9-A531-013FE0D1B2C2}
		{BC6FFA5D-FD02-49E4-93F3-2FBBC824E07B} = {3828E665-D227-42B9-A531-013FE0D1B2C2}
		{9B6FAD30-9DE8-41B2-8737-052739DF8E7F} = {3828E665-D227-42B9-A531-013FE0D1B2C2}
		{EC6C2A8F-2F33-4743-9C59-523DBBF56FB0} = {3828E665-D227-42B9-A531-013FE0D1B2C2}
		{001E35B4-78E3-4A9C-AE7F-D7E91CD72205} = {BD3122C1-5B01-4D48-96CE-E5B9166F3E7D}
	EndGlobalSection
EndGlobal
