
Microsoft Visual Studio Solution File, Format Version 12.00
# Visual Studio Version 17
VisualStudioVersion = 17.0.31903.59
MinimumVisualStudioVersion = 10.0.40219.1
Project("{2150E333-8FDC-42A3-9474-1A3956D46DE8}") = "src", "src", "{827E0CD3-B72D-47B6-A68D-7590B98EB39B}"
EndProject
Project("{2150E333-8FDC-42A3-9474-1A3956D46DE8}") = "BuildingBlocks", "BuildingBlocks", "{90298CBA-BD6F-3A0A-69D5-97CAD7B05E7E}"
EndProject
Project("{FAE04EC0-301F-11D3-BF4B-00C04F79EFBC}") = "BuildingBlocks.Authorization", "src\BuildingBlocks\BuildingBlocks.Authorization\BuildingBlocks.Authorization.csproj", "{F7BC3819-7559-464B-83E2-634D1FF8D97C}"
EndProject
Project("{FAE04EC0-301F-11D3-BF4B-00C04F79EFBC}") = "BuildingBlocks", "src\BuildingBlocks\BuildingBlocks\BuildingBlocks.csproj", "{44A8A935-0A71-4811-B78E-469D94F8B447}"
EndProject
Project("{FAE04EC0-301F-11D3-BF4B-00C04F79EFBC}") = "BuildingBlocks.Caching", "src\BuildingBlocks\BuildingBlocks.Caching\BuildingBlocks.Caching.csproj", "{8346CAAC-EFC1-4B48-9CCD-90A84CF7739D}"
EndProject
Project("{2150E333-8FDC-42A3-9474-1A3956D46DE8}") = "microservices", "microservices", "{B45C9767-1103-6FBC-A12D-A41ACF5CD2F9}"
EndProject
Project("{2150E333-8FDC-42A3-9474-1A3956D46DE8}") = "Files", "Files", "{1F76B4CD-CE6C-8A33-0422-15DF7E38FC43}"
EndProject
Project("{FAE04EC0-301F-11D3-BF4B-00C04F79EFBC}") = "LexiCraft.Files.Grpc", "src\microservices\Files\LexiCraft.Files.Grpc\LexiCraft.Files.Grpc.csproj", "{5EE82E39-F3C6-46FD-A1DF-45CFFB3A7F80}"
EndProject
Project("{FAE04EC0-301F-11D3-BF4B-00C04F79EFBC}") = "BuildingBlocks.EntityFrameworkCore", "src\BuildingBlocks\BuildingBlocks.EntityFrameworkCore\BuildingBlocks.EntityFrameworkCore.csproj", "{ED5D49A3-B1E3-4ABA-85AB-FCA9089D0481}"
EndProject
Project("{FAE04EC0-301F-11D3-BF4B-00C04F79EFBC}") = "BuildingBlocks.Grpc.Contracts", "src\BuildingBlocks\BuildingBlocks.Grpc.Contracts\BuildingBlocks.Grpc.Contracts.csproj", "{993DECED-F51C-43B8-A4DC-A4451F728C92}"
EndProject
Project("{FAE04EC0-301F-11D3-BF4B-00C04F79EFBC}") = "LexiCraft.Aspire.ServiceDefaults", "src\LexiCraft.Aspire.ServiceDefaults\LexiCraft.Aspire.ServiceDefaults.csproj", "{7E163FFA-4691-4629-B9DC-9134986D38F1}"
EndProject
Project("{FAE04EC0-301F-11D3-BF4B-00C04F79EFBC}") = "BuildingBlocks.SerilogLogging", "src\BuildingBlocks\BuildingBlocks.SerilogLogging\BuildingBlocks.SerilogLogging.csproj", "{FD830F5E-C9EF-4AB2-8E1E-4BB410B58469}"
EndProject
Project("{FAE04EC0-301F-11D3-BF4B-00C04F79EFBC}") = "BuildingBlocks.OSS", "src\BuildingBlocks\BuildingBlocks.OSS\BuildingBlocks.OSS.csproj", "{EEFB120B-FEF8-44A4-96AF-B6EAE2329D4F}"
EndProject
Project("{2150E333-8FDC-42A3-9474-1A3956D46DE8}") = "Identity", "Identity", "{5080AC0B-4F4E-450C-DF0F-55821A5276C0}"
EndProject
Project("{FAE04EC0-301F-11D3-BF4B-00C04F79EFBC}") = "LexiCraft.Services.Identity.Api", "src\microservices\Identity\LexiCraft.Services.Identity.Api\LexiCraft.Services.Identity.Api.csproj", "{77F5460D-D00A-476C-961D-931E496B4B04}"
EndProject
Project("{FAE04EC0-301F-11D3-BF4B-00C04F79EFBC}") = "BuildingBlocks.EventBus", "src\BuildingBlocks\BuildingBlocks.EventBus\BuildingBlocks.EventBus.csproj", "{19EDABA8-71AE-4590-B34A-ACD85479CFAE}"
EndProject
Project("{FAE04EC0-301F-11D3-BF4B-00C04F79EFBC}") = "LexiCraft.Services.Identity", "src\microservices\Identity\LexiCraft.Services.Identity\LexiCraft.Services.Identity.csproj", "{BEA6ACD8-8113-48B6-84A0-3C31639C8EE1}"
EndProject
Project("{FAE04EC0-301F-11D3-BF4B-00C04F79EFBC}") = "BuildingBlocks.EntityFrameworkCore.Postgres", "src\BuildingBlocks\BuildingBlocks.EntityFrameworkCore.Postgres\BuildingBlocks.EntityFrameworkCore.Postgres.csproj", "{DA3CDAA9-558A-45F4-A80F-71A6A08EB885}"
EndProject
Project("{FAE04EC0-301F-11D3-BF4B-00C04F79EFBC}") = "BuildingBlocks.OpenApi", "src\BuildingBlocks\BuildingBlocks.OpenApi\BuildingBlocks.OpenApi.csproj", "{A52456A8-6897-4188-B6F7-BB5BBE7C260E}"
EndProject
Project("{FAE04EC0-301F-11D3-BF4B-00C04F79EFBC}") = "BuildingBlocks.Validation", "src\BuildingBlocks\BuildingBlocks.Validation\BuildingBlocks.Validation.csproj", "{0C68BB83-DEEB-4D5D-8610-2F3FC79866BE}"
EndProject
Project("{2150E333-8FDC-42A3-9474-1A3956D46DE8}") = "Shared", "Shared", "{DA9DEAD2-B236-7949-3DB8-536F24B2BEEB}"
EndProject
Project("{FAE04EC0-301F-11D3-BF4B-00C04F79EFBC}") = "LexiCraft.Shared", "src\microservices\Shared\LexiCraft.Shared\LexiCraft.Shared.csproj", "{11B1B36D-45A0-40C7-9384-9896B0FEC847}"
EndProject
Project("{FAE04EC0-301F-11D3-BF4B-00C04F79EFBC}") = "LexiCraft.Aspire.Host", "src\LexiCraft.Aspire.Host\LexiCraft.Aspire.Host.csproj", "{44715A41-9EB5-4938-953E-59F77A61BC2C}"
EndProject
Project("{2150E333-8FDC-42A3-9474-1A3956D46DE8}") = "ApiGateway", "ApiGateway", "{FCA01246-F2C6-0AA7-D43F-FD13BE0B9D88}"
EndProject
Project("{FAE04EC0-301F-11D3-BF4B-00C04F79EFBC}") = "LexiCraft.ApiGateway", "src\ApiGateway\LexiCraft.ApiGateway\LexiCraft.ApiGateway.csproj", "{AB25DC8C-65AC-473D-A109-F1828CCC29DF}"
EndProject
Project("{2150E333-8FDC-42A3-9474-1A3956D46DE8}") = "Practice", "Practice", "{09802268-99AE-CD53-E703-8D35A19A6943}"
EndProject
Project("{FAE04EC0-301F-11D3-BF4B-00C04F79EFBC}") = "LexiCraft.Services.Practice.Api", "src\microservices\Practice\LexiCraft.Services.Practice.Api\LexiCraft.Services.Practice.Api.csproj", "{83B53AFF-5E43-492D-8818-64A6F6F90313}"
EndProject
Project("{FAE04EC0-301F-11D3-BF4B-00C04F79EFBC}") = "LexiCraft.Services.Practice", "src\microservices\Practice\LexiCraft.Services.Practice\LexiCraft.Services.Practice.csproj", "{4F91362C-44FC-4B66-9FBA-1A1F01F066E6}"
EndProject
Project("{FAE04EC0-301F-11D3-BF4B-00C04F79EFBC}") = "BuildingBlocks.MongoDB", "src\BuildingBlocks\BuildingBlocks.MongoDB\BuildingBlocks.MongoDB.csproj", "{20CFCC31-6F98-4727-B683-7115E68C03E3}"
EndProject
Project("{2150E333-8FDC-42A3-9474-1A3956D46DE8}") = "Vocabulary", "Vocabulary", "{4224A070-0FA6-CFD4-3BB1-08BFFA5AC159}"
EndProject
Project("{FAE04EC0-301F-11D3-BF4B-00C04F79EFBC}") = "LexiCraft.Services.Vocabulary.Api", "src\microservices\Vocabulary\LexiCraft.Services.Vocabulary.Api\LexiCraft.Services.Vocabulary.Api.csproj", "{6036BFEE-AF83-41FF-912B-E3956E17C9F3}"
EndProject
Project("{FAE04EC0-301F-11D3-BF4B-00C04F79EFBC}") = "LexiCraft.Services.Vocabulary", "src\microservices\Vocabulary\LexiCraft.Services.Vocabulary\LexiCraft.Services.Vocabulary.csproj", "{E88C8BAB-E1CE-4A55-96B6-B99B693E493D}"
EndProject
Global
	GlobalSection(SolutionConfigurationPlatforms) = preSolution
		Debug|Any CPU = Debug|Any CPU
		Debug|x64 = Debug|x64
		Debug|x86 = Debug|x86
		Release|Any CPU = Release|Any CPU
		Release|x64 = Release|x64
		Release|x86 = Release|x86
	EndGlobalSection
	GlobalSection(ProjectConfigurationPlatforms) = postSolution
		{F7BC3819-7559-464B-83E2-634D1FF8D97C}.Debug|Any CPU.ActiveCfg = Debug|Any CPU
		{F7BC3819-7559-464B-83E2-634D1FF8D97C}.Debug|Any CPU.Build.0 = Debug|Any CPU
		{F7BC3819-7559-464B-83E2-634D1FF8D97C}.Debug|x64.ActiveCfg = Debug|Any CPU
		{F7BC3819-7559-464B-83E2-634D1FF8D97C}.Debug|x64.Build.0 = Debug|Any CPU
		{F7BC3819-7559-464B-83E2-634D1FF8D97C}.Debug|x86.ActiveCfg = Debug|Any CPU
		{F7BC3819-7559-464B-83E2-634D1FF8D97C}.Debug|x86.Build.0 = Debug|Any CPU
		{F7BC3819-7559-464B-83E2-634D1FF8D97C}.Release|Any CPU.ActiveCfg = Release|Any CPU
		{F7BC3819-7559-464B-83E2-634D1FF8D97C}.Release|Any CPU.Build.0 = Release|Any CPU
		{F7BC3819-7559-464B-83E2-634D1FF8D97C}.Release|x64.ActiveCfg = Release|Any CPU
		{F7BC3819-7559-464B-83E2-634D1FF8D97C}.Release|x64.Build.0 = Release|Any CPU
		{F7BC3819-7559-464B-83E2-634D1FF8D97C}.Release|x86.ActiveCfg = Release|Any CPU
		{F7BC3819-7559-464B-83E2-634D1FF8D97C}.Release|x86.Build.0 = Release|Any CPU
		{44A8A935-0A71-4811-B78E-469D94F8B447}.Debug|Any CPU.ActiveCfg = Debug|Any CPU
		{44A8A935-0A71-4811-B78E-469D94F8B447}.Debug|Any CPU.Build.0 = Debug|Any CPU
		{44A8A935-0A71-4811-B78E-469D94F8B447}.Debug|x64.ActiveCfg = Debug|Any CPU
		{44A8A935-0A71-4811-B78E-469D94F8B447}.Debug|x64.Build.0 = Debug|Any CPU
		{44A8A935-0A71-4811-B78E-469D94F8B447}.Debug|x86.ActiveCfg = Debug|Any CPU
		{44A8A935-0A71-4811-B78E-469D94F8B447}.Debug|x86.Build.0 = Debug|Any CPU
		{44A8A935-0A71-4811-B78E-469D94F8B447}.Release|Any CPU.ActiveCfg = Release|Any CPU
		{44A8A935-0A71-4811-B78E-469D94F8B447}.Release|Any CPU.Build.0 = Release|Any CPU
		{44A8A935-0A71-4811-B78E-469D94F8B447}.Release|x64.ActiveCfg = Release|Any CPU
		{44A8A935-0A71-4811-B78E-469D94F8B447}.Release|x64.Build.0 = Release|Any CPU
		{44A8A935-0A71-4811-B78E-469D94F8B447}.Release|x86.ActiveCfg = Release|Any CPU
		{44A8A935-0A71-4811-B78E-469D94F8B447}.Release|x86.Build.0 = Release|Any CPU
		{8346CAAC-EFC1-4B48-9CCD-90A84CF7739D}.Debug|Any CPU.ActiveCfg = Debug|Any CPU
		{8346CAAC-EFC1-4B48-9CCD-90A84CF7739D}.Debug|Any CPU.Build.0 = Debug|Any CPU
		{8346CAAC-EFC1-4B48-9CCD-90A84CF7739D}.Debug|x64.ActiveCfg = Debug|Any CPU
		{8346CAAC-EFC1-4B48-9CCD-90A84CF7739D}.Debug|x64.Build.0 = Debug|Any CPU
		{8346CAAC-EFC1-4B48-9CCD-90A84CF7739D}.Debug|x86.ActiveCfg = Debug|Any CPU
		{8346CAAC-EFC1-4B48-9CCD-90A84CF7739D}.Debug|x86.Build.0 = Debug|Any CPU
		{8346CAAC-EFC1-4B48-9CCD-90A84CF7739D}.Release|Any CPU.ActiveCfg = Release|Any CPU
		{8346CAAC-EFC1-4B48-9CCD-90A84CF7739D}.Release|Any CPU.Build.0 = Release|Any CPU
		{8346CAAC-EFC1-4B48-9CCD-90A84CF7739D}.Release|x64.ActiveCfg = Release|Any CPU
		{8346CAAC-EFC1-4B48-9CCD-90A84CF7739D}.Release|x64.Build.0 = Release|Any CPU
		{8346CAAC-EFC1-4B48-9CCD-90A84CF7739D}.Release|x86.ActiveCfg = Release|Any CPU
		{8346CAAC-EFC1-4B48-9CCD-90A84CF7739D}.Release|x86.Build.0 = Release|Any CPU
		{5EE82E39-F3C6-46FD-A1DF-45CFFB3A7F80}.Debug|Any CPU.ActiveCfg = Debug|Any CPU
		{5EE82E39-F3C6-46FD-A1DF-45CFFB3A7F80}.Debug|Any CPU.Build.0 = Debug|Any CPU
		{5EE82E39-F3C6-46FD-A1DF-45CFFB3A7F80}.Debug|x64.ActiveCfg = Debug|Any CPU
		{5EE82E39-F3C6-46FD-A1DF-45CFFB3A7F80}.Debug|x64.Build.0 = Debug|Any CPU
		{5EE82E39-F3C6-46FD-A1DF-45CFFB3A7F80}.Debug|x86.ActiveCfg = Debug|Any CPU
		{5EE82E39-F3C6-46FD-A1DF-45CFFB3A7F80}.Debug|x86.Build.0 = Debug|Any CPU
		{5EE82E39-F3C6-46FD-A1DF-45CFFB3A7F80}.Release|Any CPU.ActiveCfg = Release|Any CPU
		{5EE82E39-F3C6-46FD-A1DF-45CFFB3A7F80}.Release|Any CPU.Build.0 = Release|Any CPU
		{5EE82E39-F3C6-46FD-A1DF-45CFFB3A7F80}.Release|x64.ActiveCfg = Release|Any CPU
		{5EE82E39-F3C6-46FD-A1DF-45CFFB3A7F80}.Release|x64.Build.0 = Release|Any CPU
		{5EE82E39-F3C6-46FD-A1DF-45CFFB3A7F80}.Release|x86.ActiveCfg = Release|Any CPU
		{5EE82E39-F3C6-46FD-A1DF-45CFFB3A7F80}.Release|x86.Build.0 = Release|Any CPU
		{ED5D49A3-B1E3-4ABA-85AB-FCA9089D0481}.Debug|Any CPU.ActiveCfg = Debug|Any CPU
		{ED5D49A3-B1E3-4ABA-85AB-FCA9089D0481}.Debug|Any CPU.Build.0 = Debug|Any CPU
		{ED5D49A3-B1E3-4ABA-85AB-FCA9089D0481}.Debug|x64.ActiveCfg = Debug|Any CPU
		{ED5D49A3-B1E3-4ABA-85AB-FCA9089D0481}.Debug|x64.Build.0 = Debug|Any CPU
		{ED5D49A3-B1E3-4ABA-85AB-FCA9089D0481}.Debug|x86.ActiveCfg = Debug|Any CPU
		{ED5D49A3-B1E3-4ABA-85AB-FCA9089D0481}.Debug|x86.Build.0 = Debug|Any CPU
		{ED5D49A3-B1E3-4ABA-85AB-FCA9089D0481}.Release|Any CPU.ActiveCfg = Release|Any CPU
		{ED5D49A3-B1E3-4ABA-85AB-FCA9089D0481}.Release|Any CPU.Build.0 = Release|Any CPU
		{ED5D49A3-B1E3-4ABA-85AB-FCA9089D0481}.Release|x64.ActiveCfg = Release|Any CPU
		{ED5D49A3-B1E3-4ABA-85AB-FCA9089D0481}.Release|x64.Build.0 = Release|Any CPU
		{ED5D49A3-B1E3-4ABA-85AB-FCA9089D0481}.Release|x86.ActiveCfg = Release|Any CPU
		{ED5D49A3-B1E3-4ABA-85AB-FCA9089D0481}.Release|x86.Build.0 = Release|Any CPU
		{993DECED-F51C-43B8-A4DC-A4451F728C92}.Debug|Any CPU.ActiveCfg = Debug|Any CPU
		{993DECED-F51C-43B8-A4DC-A4451F728C92}.Debug|Any CPU.Build.0 = Debug|Any CPU
		{993DECED-F51C-43B8-A4DC-A4451F728C92}.Debug|x64.ActiveCfg = Debug|Any CPU
		{993DECED-F51C-43B8-A4DC-A4451F728C92}.Debug|x64.Build.0 = Debug|Any CPU
		{993DECED-F51C-43B8-A4DC-A4451F728C92}.Debug|x86.ActiveCfg = Debug|Any CPU
		{993DECED-F51C-43B8-A4DC-A4451F728C92}.Debug|x86.Build.0 = Debug|Any CPU
		{993DECED-F51C-43B8-A4DC-A4451F728C92}.Release|Any CPU.ActiveCfg = Release|Any CPU
		{993DECED-F51C-43B8-A4DC-A4451F728C92}.Release|Any CPU.Build.0 = Release|Any CPU
		{993DECED-F51C-43B8-A4DC-A4451F728C92}.Release|x64.ActiveCfg = Release|Any CPU
		{993DECED-F51C-43B8-A4DC-A4451F728C92}.Release|x64.Build.0 = Release|Any CPU
		{993DECED-F51C-43B8-A4DC-A4451F728C92}.Release|x86.ActiveCfg = Release|Any CPU
		{993DECED-F51C-43B8-A4DC-A4451F728C92}.Release|x86.Build.0 = Release|Any CPU
		{7E163FFA-4691-4629-B9DC-9134986D38F1}.Debug|Any CPU.ActiveCfg = Debug|Any CPU
		{7E163FFA-4691-4629-B9DC-9134986D38F1}.Debug|Any CPU.Build.0 = Debug|Any CPU
		{7E163FFA-4691-4629-B9DC-9134986D38F1}.Debug|x64.ActiveCfg = Debug|Any CPU
		{7E163FFA-4691-4629-B9DC-9134986D38F1}.Debug|x64.Build.0 = Debug|Any CPU
		{7E163FFA-4691-4629-B9DC-9134986D38F1}.Debug|x86.ActiveCfg = Debug|Any CPU
		{7E163FFA-4691-4629-B9DC-9134986D38F1}.Debug|x86.Build.0 = Debug|Any CPU
		{7E163FFA-4691-4629-B9DC-9134986D38F1}.Release|Any CPU.ActiveCfg = Release|Any CPU
		{7E163FFA-4691-4629-B9DC-9134986D38F1}.Release|Any CPU.Build.0 = Release|Any CPU
		{7E163FFA-4691-4629-B9DC-9134986D38F1}.Release|x64.ActiveCfg = Release|Any CPU
		{7E163FFA-4691-4629-B9DC-9134986D38F1}.Release|x64.Build.0 = Release|Any CPU
		{7E163FFA-4691-4629-B9DC-9134986D38F1}.Release|x86.ActiveCfg = Release|Any CPU
		{7E163FFA-4691-4629-B9DC-9134986D38F1}.Release|x86.Build.0 = Release|Any CPU
		{FD830F5E-C9EF-4AB2-8E1E-4BB410B58469}.Debug|Any CPU.ActiveCfg = Debug|Any CPU
		{FD830F5E-C9EF-4AB2-8E1E-4BB410B58469}.Debug|Any CPU.Build.0 = Debug|Any CPU
		{FD830F5E-C9EF-4AB2-8E1E-4BB410B58469}.Debug|x64.ActiveCfg = Debug|Any CPU
		{FD830F5E-C9EF-4AB2-8E1E-4BB410B58469}.Debug|x64.Build.0 = Debug|Any CPU
		{FD830F5E-C9EF-4AB2-8E1E-4BB410B58469}.Debug|x86.ActiveCfg = Debug|Any CPU
		{FD830F5E-C9EF-4AB2-8E1E-4BB410B58469}.Debug|x86.Build.0 = Debug|Any CPU
		{FD830F5E-C9EF-4AB2-8E1E-4BB410B58469}.Release|Any CPU.ActiveCfg = Release|Any CPU
		{FD830F5E-C9EF-4AB2-8E1E-4BB410B58469}.Release|Any CPU.Build.0 = Release|Any CPU
		{FD830F5E-C9EF-4AB2-8E1E-4BB410B58469}.Release|x64.ActiveCfg = Release|Any CPU
		{FD830F5E-C9EF-4AB2-8E1E-4BB410B58469}.Release|x64.Build.0 = Release|Any CPU
		{FD830F5E-C9EF-4AB2-8E1E-4BB410B58469}.Release|x86.ActiveCfg = Release|Any CPU
		{FD830F5E-C9EF-4AB2-8E1E-4BB410B58469}.Release|x86.Build.0 = Release|Any CPU
		{EEFB120B-FEF8-44A4-96AF-B6EAE2329D4F}.Debug|Any CPU.ActiveCfg = Debug|Any CPU
		{EEFB120B-FEF8-44A4-96AF-B6EAE2329D4F}.Debug|Any CPU.Build.0 = Debug|Any CPU
		{EEFB120B-FEF8-44A4-96AF-B6EAE2329D4F}.Debug|x64.ActiveCfg = Debug|Any CPU
		{EEFB120B-FEF8-44A4-96AF-B6EAE2329D4F}.Debug|x64.Build.0 = Debug|Any CPU
		{EEFB120B-FEF8-44A4-96AF-B6EAE2329D4F}.Debug|x86.ActiveCfg = Debug|Any CPU
		{EEFB120B-FEF8-44A4-96AF-B6EAE2329D4F}.Debug|x86.Build.0 = Debug|Any CPU
		{EEFB120B-FEF8-44A4-96AF-B6EAE2329D4F}.Release|Any CPU.ActiveCfg = Release|Any CPU
		{EEFB120B-FEF8-44A4-96AF-B6EAE2329D4F}.Release|Any CPU.Build.0 = Release|Any CPU
		{EEFB120B-FEF8-44A4-96AF-B6EAE2329D4F}.Release|x64.ActiveCfg = Release|Any CPU
		{EEFB120B-FEF8-44A4-96AF-B6EAE2329D4F}.Release|x64.Build.0 = Release|Any CPU
		{EEFB120B-FEF8-44A4-96AF-B6EAE2329D4F}.Release|x86.ActiveCfg = Release|Any CPU
		{EEFB120B-FEF8-44A4-96AF-B6EAE2329D4F}.Release|x86.Build.0 = Release|Any CPU
		{77F5460D-D00A-476C-961D-931E496B4B04}.Debug|Any CPU.ActiveCfg = Debug|Any CPU
		{77F5460D-D00A-476C-961D-931E496B4B04}.Debug|Any CPU.Build.0 = Debug|Any CPU
		{77F5460D-D00A-476C-961D-931E496B4B04}.Debug|x64.ActiveCfg = Debug|Any CPU
		{77F5460D-D00A-476C-961D-931E496B4B04}.Debug|x64.Build.0 = Debug|Any CPU
		{77F5460D-D00A-476C-961D-931E496B4B04}.Debug|x86.ActiveCfg = Debug|Any CPU
		{77F5460D-D00A-476C-961D-931E496B4B04}.Debug|x86.Build.0 = Debug|Any CPU
		{77F5460D-D00A-476C-961D-931E496B4B04}.Release|Any CPU.ActiveCfg = Release|Any CPU
		{77F5460D-D00A-476C-961D-931E496B4B04}.Release|Any CPU.Build.0 = Release|Any CPU
		{77F5460D-D00A-476C-961D-931E496B4B04}.Release|x64.ActiveCfg = Release|Any CPU
		{77F5460D-D00A-476C-961D-931E496B4B04}.Release|x64.Build.0 = Release|Any CPU
		{77F5460D-D00A-476C-961D-931E496B4B04}.Release|x86.ActiveCfg = Release|Any CPU
		{77F5460D-D00A-476C-961D-931E496B4B04}.Release|x86.Build.0 = Release|Any CPU
		{19EDABA8-71AE-4590-B34A-ACD85479CFAE}.Debug|Any CPU.ActiveCfg = Debug|Any CPU
		{19EDABA8-71AE-4590-B34A-ACD85479CFAE}.Debug|Any CPU.Build.0 = Debug|Any CPU
		{19EDABA8-71AE-4590-B34A-ACD85479CFAE}.Debug|x64.ActiveCfg = Debug|Any CPU
		{19EDABA8-71AE-4590-B34A-ACD85479CFAE}.Debug|x64.Build.0 = Debug|Any CPU
		{19EDABA8-71AE-4590-B34A-ACD85479CFAE}.Debug|x86.ActiveCfg = Debug|Any CPU
		{19EDABA8-71AE-4590-B34A-ACD85479CFAE}.Debug|x86.Build.0 = Debug|Any CPU
		{19EDABA8-71AE-4590-B34A-ACD85479CFAE}.Release|Any CPU.ActiveCfg = Release|Any CPU
		{19EDABA8-71AE-4590-B34A-ACD85479CFAE}.Release|Any CPU.Build.0 = Release|Any CPU
		{19EDABA8-71AE-4590-B34A-ACD85479CFAE}.Release|x64.ActiveCfg = Release|Any CPU
		{19EDABA8-71AE-4590-B34A-ACD85479CFAE}.Release|x64.Build.0 = Release|Any CPU
		{19EDABA8-71AE-4590-B34A-ACD85479CFAE}.Release|x86.ActiveCfg = Release|Any CPU
		{19EDABA8-71AE-4590-B34A-ACD85479CFAE}.Release|x86.Build.0 = Release|Any CPU
		{BEA6ACD8-8113-48B6-84A0-3C31639C8EE1}.Debug|Any CPU.ActiveCfg = Debug|Any CPU
		{BEA6ACD8-8113-48B6-84A0-3C31639C8EE1}.Debug|Any CPU.Build.0 = Debug|Any CPU
		{BEA6ACD8-8113-48B6-84A0-3C31639C8EE1}.Debug|x64.ActiveCfg = Debug|Any CPU
		{BEA6ACD8-8113-48B6-84A0-3C31639C8EE1}.Debug|x64.Build.0 = Debug|Any CPU
		{BEA6ACD8-8113-48B6-84A0-3C31639C8EE1}.Debug|x86.ActiveCfg = Debug|Any CPU
		{BEA6ACD8-8113-48B6-84A0-3C31639C8EE1}.Debug|x86.Build.0 = Debug|Any CPU
		{BEA6ACD8-8113-48B6-84A0-3C31639C8EE1}.Release|Any CPU.ActiveCfg = Release|Any CPU
		{BEA6ACD8-8113-48B6-84A0-3C31639C8EE1}.Release|Any CPU.Build.0 = Release|Any CPU
		{BEA6ACD8-8113-48B6-84A0-3C31639C8EE1}.Release|x64.ActiveCfg = Release|Any CPU
		{BEA6ACD8-8113-48B6-84A0-3C31639C8EE1}.Release|x64.Build.0 = Release|Any CPU
		{BEA6ACD8-8113-48B6-84A0-3C31639C8EE1}.Release|x86.ActiveCfg = Release|Any CPU
		{BEA6ACD8-8113-48B6-84A0-3C31639C8EE1}.Release|x86.Build.0 = Release|Any CPU
		{DA3CDAA9-558A-45F4-A80F-71A6A08EB885}.Debug|Any CPU.ActiveCfg = Debug|Any CPU
		{DA3CDAA9-558A-45F4-A80F-71A6A08EB885}.Debug|Any CPU.Build.0 = Debug|Any CPU
		{DA3CDAA9-558A-45F4-A80F-71A6A08EB885}.Debug|x64.ActiveCfg = Debug|Any CPU
		{DA3CDAA9-558A-45F4-A80F-71A6A08EB885}.Debug|x64.Build.0 = Debug|Any CPU
		{DA3CDAA9-558A-45F4-A80F-71A6A08EB885}.Debug|x86.ActiveCfg = Debug|Any CPU
		{DA3CDAA9-558A-45F4-A80F-71A6A08EB885}.Debug|x86.Build.0 = Debug|Any CPU
		{DA3CDAA9-558A-45F4-A80F-71A6A08EB885}.Release|Any CPU.ActiveCfg = Release|Any CPU
		{DA3CDAA9-558A-45F4-A80F-71A6A08EB885}.Release|Any CPU.Build.0 = Release|Any CPU
		{DA3CDAA9-558A-45F4-A80F-71A6A08EB885}.Release|x64.ActiveCfg = Release|Any CPU
		{DA3CDAA9-558A-45F4-A80F-71A6A08EB885}.Release|x64.Build.0 = Release|Any CPU
		{DA3CDAA9-558A-45F4-A80F-71A6A08EB885}.Release|x86.ActiveCfg = Release|Any CPU
		{DA3CDAA9-558A-45F4-A80F-71A6A08EB885}.Release|x86.Build.0 = Release|Any CPU
		{A52456A8-6897-4188-B6F7-BB5BBE7C260E}.Debug|Any CPU.ActiveCfg = Debug|Any CPU
		{A52456A8-6897-4188-B6F7-BB5BBE7C260E}.Debug|Any CPU.Build.0 = Debug|Any CPU
		{A52456A8-6897-4188-B6F7-BB5BBE7C260E}.Debug|x64.ActiveCfg = Debug|Any CPU
		{A52456A8-6897-4188-B6F7-BB5BBE7C260E}.Debug|x64.Build.0 = Debug|Any CPU
		{A52456A8-6897-4188-B6F7-BB5BBE7C260E}.Debug|x86.ActiveCfg = Debug|Any CPU
		{A52456A8-6897-4188-B6F7-BB5BBE7C260E}.Debug|x86.Build.0 = Debug|Any CPU
		{A52456A8-6897-4188-B6F7-BB5BBE7C260E}.Release|Any CPU.ActiveCfg = Release|Any CPU
		{A52456A8-6897-4188-B6F7-BB5BBE7C260E}.Release|Any CPU.Build.0 = Release|Any CPU
		{A52456A8-6897-4188-B6F7-BB5BBE7C260E}.Release|x64.ActiveCfg = Release|Any CPU
		{A52456A8-6897-4188-B6F7-BB5BBE7C260E}.Release|x64.Build.0 = Release|Any CPU
		{A52456A8-6897-4188-B6F7-BB5BBE7C260E}.Release|x86.ActiveCfg = Release|Any CPU
		{A52456A8-6897-4188-B6F7-BB5BBE7C260E}.Release|x86.Build.0 = Release|Any CPU
		{0C68BB83-DEEB-4D5D-8610-2F3FC79866BE}.Debug|Any CPU.ActiveCfg = Debug|Any CPU
		{0C68BB83-DEEB-4D5D-8610-2F3FC79866BE}.Debug|Any CPU.Build.0 = Debug|Any CPU
		{0C68BB83-DEEB-4D5D-8610-2F3FC79866BE}.Debug|x64.ActiveCfg = Debug|Any CPU
		{0C68BB83-DEEB-4D5D-8610-2F3FC79866BE}.Debug|x64.Build.0 = Debug|Any CPU
		{0C68BB83-DEEB-4D5D-8610-2F3FC79866BE}.Debug|x86.ActiveCfg = Debug|Any CPU
		{0C68BB83-DEEB-4D5D-8610-2F3FC79866BE}.Debug|x86.Build.0 = Debug|Any CPU
		{0C68BB83-DEEB-4D5D-8610-2F3FC79866BE}.Release|Any CPU.ActiveCfg = Release|Any CPU
		{0C68BB83-DEEB-4D5D-8610-2F3FC79866BE}.Release|Any CPU.Build.0 = Release|Any CPU
		{0C68BB83-DEEB-4D5D-8610-2F3FC79866BE}.Release|x64.ActiveCfg = Release|Any CPU
		{0C68BB83-DEEB-4D5D-8610-2F3FC79866BE}.Release|x64.Build.0 = Release|Any CPU
		{0C68BB83-DEEB-4D5D-8610-2F3FC79866BE}.Release|x86.ActiveCfg = Release|Any CPU
		{0C68BB83-DEEB-4D5D-8610-2F3FC79866BE}.Release|x86.Build.0 = Release|Any CPU
		{11B1B36D-45A0-40C7-9384-9896B0FEC847}.Debug|Any CPU.ActiveCfg = Debug|Any CPU
		{11B1B36D-45A0-40C7-9384-9896B0FEC847}.Debug|Any CPU.Build.0 = Debug|Any CPU
		{11B1B36D-45A0-40C7-9384-9896B0FEC847}.Debug|x64.ActiveCfg = Debug|Any CPU
		{11B1B36D-45A0-40C7-9384-9896B0FEC847}.Debug|x64.Build.0 = Debug|Any CPU
		{11B1B36D-45A0-40C7-9384-9896B0FEC847}.Debug|x86.ActiveCfg = Debug|Any CPU
		{11B1B36D-45A0-40C7-9384-9896B0FEC847}.Debug|x86.Build.0 = Debug|Any CPU
		{11B1B36D-45A0-40C7-9384-9896B0FEC847}.Release|Any CPU.ActiveCfg = Release|Any CPU
		{11B1B36D-45A0-40C7-9384-9896B0FEC847}.Release|Any CPU.Build.0 = Release|Any CPU
		{11B1B36D-45A0-40C7-9384-9896B0FEC847}.Release|x64.ActiveCfg = Release|Any CPU
		{11B1B36D-45A0-40C7-9384-9896B0FEC847}.Release|x64.Build.0 = Release|Any CPU
		{11B1B36D-45A0-40C7-9384-9896B0FEC847}.Release|x86.ActiveCfg = Release|Any CPU
		{11B1B36D-45A0-40C7-9384-9896B0FEC847}.Release|x86.Build.0 = Release|Any CPU
		{44715A41-9EB5-4938-953E-59F77A61BC2C}.Debug|Any CPU.ActiveCfg = Debug|Any CPU
		{44715A41-9EB5-4938-953E-59F77A61BC2C}.Debug|Any CPU.Build.0 = Debug|Any CPU
		{44715A41-9EB5-4938-953E-59F77A61BC2C}.Debug|x64.ActiveCfg = Debug|Any CPU
		{44715A41-9EB5-4938-953E-59F77A61BC2C}.Debug|x64.Build.0 = Debug|Any CPU
		{44715A41-9EB5-4938-953E-59F77A61BC2C}.Debug|x86.ActiveCfg = Debug|Any CPU
		{44715A41-9EB5-4938-953E-59F77A61BC2C}.Debug|x86.Build.0 = Debug|Any CPU
		{44715A41-9EB5-4938-953E-59F77A61BC2C}.Release|Any CPU.ActiveCfg = Release|Any CPU
		{44715A41-9EB5-4938-953E-59F77A61BC2C}.Release|Any CPU.Build.0 = Release|Any CPU
		{44715A41-9EB5-4938-953E-59F77A61BC2C}.Release|x64.ActiveCfg = Release|Any CPU
		{44715A41-9EB5-4938-953E-59F77A61BC2C}.Release|x64.Build.0 = Release|Any CPU
		{44715A41-9EB5-4938-953E-59F77A61BC2C}.Release|x86.ActiveCfg = Release|Any CPU
		{44715A41-9EB5-4938-953E-59F77A61BC2C}.Release|x86.Build.0 = Release|Any CPU
		{AB25DC8C-65AC-473D-A109-F1828CCC29DF}.Debug|Any CPU.ActiveCfg = Debug|Any CPU
		{AB25DC8C-65AC-473D-A109-F1828CCC29DF}.Debug|Any CPU.Build.0 = Debug|Any CPU
		{AB25DC8C-65AC-473D-A109-F1828CCC29DF}.Debug|x64.ActiveCfg = Debug|Any CPU
		{AB25DC8C-65AC-473D-A109-F1828CCC29DF}.Debug|x64.Build.0 = Debug|Any CPU
		{AB25DC8C-65AC-473D-A109-F1828CCC29DF}.Debug|x86.ActiveCfg = Debug|Any CPU
		{AB25DC8C-65AC-473D-A109-F1828CCC29DF}.Debug|x86.Build.0 = Debug|Any CPU
		{AB25DC8C-65AC-473D-A109-F1828CCC29DF}.Release|Any CPU.ActiveCfg = Release|Any CPU
		{AB25DC8C-65AC-473D-A109-F1828CCC29DF}.Release|Any CPU.Build.0 = Release|Any CPU
		{AB25DC8C-65AC-473D-A109-F1828CCC29DF}.Release|x64.ActiveCfg = Release|Any CPU
		{AB25DC8C-65AC-473D-A109-F1828CCC29DF}.Release|x64.Build.0 = Release|Any CPU
		{AB25DC8C-65AC-473D-A109-F1828CCC29DF}.Release|x86.ActiveCfg = Release|Any CPU
		{AB25DC8C-65AC-473D-A109-F1828CCC29DF}.Release|x86.Build.0 = Release|Any CPU
		{83B53AFF-5E43-492D-8818-64A6F6F90313}.Debug|Any CPU.ActiveCfg = Debug|Any CPU
		{83B53AFF-5E43-492D-8818-64A6F6F90313}.Debug|Any CPU.Build.0 = Debug|Any CPU
		{83B53AFF-5E43-492D-8818-64A6F6F90313}.Debug|x64.ActiveCfg = Debug|Any CPU
		{83B53AFF-5E43-492D-8818-64A6F6F90313}.Debug|x64.Build.0 = Debug|Any CPU
		{83B53AFF-5E43-492D-8818-64A6F6F90313}.Debug|x86.ActiveCfg = Debug|Any CPU
		{83B53AFF-5E43-492D-8818-64A6F6F90313}.Debug|x86.Build.0 = Debug|Any CPU
		{83B53AFF-5E43-492D-8818-64A6F6F90313}.Release|Any CPU.ActiveCfg = Release|Any CPU
		{83B53AFF-5E43-492D-8818-64A6F6F90313}.Release|Any CPU.Build.0 = Release|Any CPU
		{83B53AFF-5E43-492D-8818-64A6F6F90313}.Release|x64.ActiveCfg = Release|Any CPU
		{83B53AFF-5E43-492D-8818-64A6F6F90313}.Release|x64.Build.0 = Release|Any CPU
		{83B53AFF-5E43-492D-8818-64A6F6F90313}.Release|x86.ActiveCfg = Release|Any CPU
		{83B53AFF-5E43-492D-8818-64A6F6F90313}.Release|x86.Build.0 = Release|Any CPU
		{4F91362C-44FC-4B66-9FBA-1A1F01F066E6}.Debug|Any CPU.ActiveCfg = Debug|Any CPU
		{4F91362C-44FC-4B66-9FBA-1A1F01F066E6}.Debug|Any CPU.Build.0 = Debug|Any CPU
		{4F91362C-44FC-4B66-9FBA-1A1F01F066E6}.Debug|x64.ActiveCfg = Debug|Any CPU
		{4F91362C-44FC-4B66-9FBA-1A1F01F066E6}.Debug|x64.Build.0 = Debug|Any CPU
		{4F91362C-44FC-4B66-9FBA-1A1F01F066E6}.Debug|x86.ActiveCfg = Debug|Any CPU
		{4F91362C-44FC-4B66-9FBA-1A1F01F066E6}.Debug|x86.Build.0 = Debug|Any CPU
		{4F91362C-44FC-4B66-9FBA-1A1F01F066E6}.Release|Any CPU.ActiveCfg = Release|Any CPU
		{4F91362C-44FC-4B66-9FBA-1A1F01F066E6}.Release|Any CPU.Build.0 = Release|Any CPU
		{4F91362C-44FC-4B66-9FBA-1A1F01F066E6}.Release|x64.ActiveCfg = Release|Any CPU
		{4F91362C-44FC-4B66-9FBA-1A1F01F066E6}.Release|x64.Build.0 = Release|Any CPU
		{4F91362C-44FC-4B66-9FBA-1A1F01F066E6}.Release|x86.ActiveCfg = Release|Any CPU
		{4F91362C-44FC-4B66-9FBA-1A1F01F066E6}.Release|x86.Build.0 = Release|Any CPU
		{20CFCC31-6F98-4727-B683-7115E68C03E3}.Debug|Any CPU.ActiveCfg = Debug|Any CPU
		{20CFCC31-6F98-4727-B683-7115E68C03E3}.Debug|Any CPU.Build.0 = Debug|Any CPU
		{20CFCC31-6F98-4727-B683-7115E68C03E3}.Debug|x64.ActiveCfg = Debug|Any CPU
		{20CFCC31-6F98-4727-B683-7115E68C03E3}.Debug|x64.Build.0 = Debug|Any CPU
		{20CFCC31-6F98-4727-B683-7115E68C03E3}.Debug|x86.ActiveCfg = Debug|Any CPU
		{20CFCC31-6F98-4727-B683-7115E68C03E3}.Debug|x86.Build.0 = Debug|Any CPU
		{20CFCC31-6F98-4727-B683-7115E68C03E3}.Release|Any CPU.ActiveCfg = Release|Any CPU
		{20CFCC31-6F98-4727-B683-7115E68C03E3}.Release|Any CPU.Build.0 = Release|Any CPU
		{20CFCC31-6F98-4727-B683-7115E68C03E3}.Release|x64.ActiveCfg = Release|Any CPU
		{20CFCC31-6F98-4727-B683-7115E68C03E3}.Release|x64.Build.0 = Release|Any CPU
		{20CFCC31-6F98-4727-B683-7115E68C03E3}.Release|x86.ActiveCfg = Release|Any CPU
		{20CFCC31-6F98-4727-B683-7115E68C03E3}.Release|x86.Build.0 = Release|Any CPU
		{6036BFEE-AF83-41FF-912B-E3956E17C9F3}.Debug|Any CPU.ActiveCfg = Debug|Any CPU
		{6036BFEE-AF83-41FF-912B-E3956E17C9F3}.Debug|Any CPU.Build.0 = Debug|Any CPU
		{6036BFEE-AF83-41FF-912B-E3956E17C9F3}.Debug|x64.ActiveCfg = Debug|Any CPU
		{6036BFEE-AF83-41FF-912B-E3956E17C9F3}.Debug|x64.Build.0 = Debug|Any CPU
		{6036BFEE-AF83-41FF-912B-E3956E17C9F3}.Debug|x86.ActiveCfg = Debug|Any CPU
		{6036BFEE-AF83-41FF-912B-E3956E17C9F3}.Debug|x86.Build.0 = Debug|Any CPU
		{6036BFEE-AF83-41FF-912B-E3956E17C9F3}.Release|Any CPU.ActiveCfg = Release|Any CPU
		{6036BFEE-AF83-41FF-912B-E3956E17C9F3}.Release|Any CPU.Build.0 = Release|Any CPU
		{6036BFEE-AF83-41FF-912B-E3956E17C9F3}.Release|x64.ActiveCfg = Release|Any CPU
		{6036BFEE-AF83-41FF-912B-E3956E17C9F3}.Release|x64.Build.0 = Release|Any CPU
		{6036BFEE-AF83-41FF-912B-E3956E17C9F3}.Release|x86.ActiveCfg = Release|Any CPU
		{6036BFEE-AF83-41FF-912B-E3956E17C9F3}.Release|x86.Build.0 = Release|Any CPU
		{E88C8BAB-E1CE-4A55-96B6-B99B693E493D}.Debug|Any CPU.ActiveCfg = Debug|Any CPU
		{E88C8BAB-E1CE-4A55-96B6-B99B693E493D}.Debug|Any CPU.Build.0 = Debug|Any CPU
		{E88C8BAB-E1CE-4A55-96B6-B99B693E493D}.Debug|x64.ActiveCfg = Debug|Any CPU
		{E88C8BAB-E1CE-4A55-96B6-B99B693E493D}.Debug|x64.Build.0 = Debug|Any CPU
		{E88C8BAB-E1CE-4A55-96B6-B99B693E493D}.Debug|x86.ActiveCfg = Debug|Any CPU
		{E88C8BAB-E1CE-4A55-96B6-B99B693E493D}.Debug|x86.Build.0 = Debug|Any CPU
		{E88C8BAB-E1CE-4A55-96B6-B99B693E493D}.Release|Any CPU.ActiveCfg = Release|Any CPU
		{E88C8BAB-E1CE-4A55-96B6-B99B693E493D}.Release|Any CPU.Build.0 = Release|Any CPU
		{E88C8BAB-E1CE-4A55-96B6-B99B693E493D}.Release|x64.ActiveCfg = Release|Any CPU
		{E88C8BAB-E1CE-4A55-96B6-B99B693E493D}.Release|x64.Build.0 = Release|Any CPU
		{E88C8BAB-E1CE-4A55-96B6-B99B693E493D}.Release|x86.ActiveCfg = Release|Any CPU
		{E88C8BAB-E1CE-4A55-96B6-B99B693E493D}.Release|x86.Build.0 = Release|Any CPU
	EndGlobalSection
	GlobalSection(SolutionProperties) = preSolution
		HideSolutionNode = FALSE
	EndGlobalSection
	GlobalSection(NestedProjects) = preSolution
		{90298CBA-BD6F-3A0A-69D5-97CAD7B05E7E} = {827E0CD3-B72D-47B6-A68D-7590B98EB39B}
		{F7BC3819-7559-464B-83E2-634D1FF8D97C} = {90298CBA-BD6F-3A0A-69D5-97CAD7B05E7E}
		{44A8A935-0A71-4811-B78E-469D94F8B447} = {90298CBA-BD6F-3A0A-69D5-97CAD7B05E7E}
		{8346CAAC-EFC1-4B48-9CCD-90A84CF7739D} = {90298CBA-BD6F-3A0A-69D5-97CAD7B05E7E}
		{B45C9767-1103-6FBC-A12D-A41ACF5CD2F9} = {827E0CD3-B72D-47B6-A68D-7590B98EB39B}
		{1F76B4CD-CE6C-8A33-0422-15DF7E38FC43} = {B45C9767-1103-6FBC-A12D-A41ACF5CD2F9}
		{5EE82E39-F3C6-46FD-A1DF-45CFFB3A7F80} = {1F76B4CD-CE6C-8A33-0422-15DF7E38FC43}
		{ED5D49A3-B1E3-4ABA-85AB-FCA9089D0481} = {90298CBA-BD6F-3A0A-69D5-97CAD7B05E7E}
		{993DECED-F51C-43B8-A4DC-A4451F728C92} = {90298CBA-BD6F-3A0A-69D5-97CAD7B05E7E}
		{7E163FFA-4691-4629-B9DC-9134986D38F1} = {827E0CD3-B72D-47B6-A68D-7590B98EB39B}
		{FD830F5E-C9EF-4AB2-8E1E-4BB410B58469} = {90298CBA-BD6F-3A0A-69D5-97CAD7B05E7E}
		{EEFB120B-FEF8-44A4-96AF-B6EAE2329D4F} = {90298CBA-BD6F-3A0A-69D5-97CAD7B05E7E}
		{5080AC0B-4F4E-450C-DF0F-55821A5276C0} = {B45C9767-1103-6FBC-A12D-A41ACF5CD2F9}
		{77F5460D-D00A-476C-961D-931E496B4B04} = {5080AC0B-4F4E-450C-DF0F-55821A5276C0}
		{19EDABA8-71AE-4590-B34A-ACD85479CFAE} = {90298CBA-BD6F-3A0A-69D5-97CAD7B05E7E}
		{BEA6ACD8-8113-48B6-84A0-3C31639C8EE1} = {5080AC0B-4F4E-450C-DF0F-55821A5276C0}
		{DA3CDAA9-558A-45F4-A80F-71A6A08EB885} = {90298CBA-BD6F-3A0A-69D5-97CAD7B05E7E}
		{A52456A8-6897-4188-B6F7-BB5BBE7C260E} = {90298CBA-BD6F-3A0A-69D5-97CAD7B05E7E}
		{0C68BB83-DEEB-4D5D-8610-2F3FC79866BE} = {90298CBA-BD6F-3A0A-69D5-97CAD7B05E7E}
		{DA9DEAD2-B236-7949-3DB8-536F24B2BEEB} = {B45C9767-1103-6FBC-A12D-A41ACF5CD2F9}
		{11B1B36D-45A0-40C7-9384-9896B0FEC847} = {DA9DEAD2-B236-7949-3DB8-536F24B2BEEB}
		{44715A41-9EB5-4938-953E-59F77A61BC2C} = {827E0CD3-B72D-47B6-A68D-7590B98EB39B}
		{FCA01246-F2C6-0AA7-D43F-FD13BE0B9D88} = {827E0CD3-B72D-47B6-A68D-7590B98EB39B}
		{AB25DC8C-65AC-473D-A109-F1828CCC29DF} = {FCA01246-F2C6-0AA7-D43F-FD13BE0B9D88}
		{09802268-99AE-CD53-E703-8D35A19A6943} = {B45C9767-1103-6FBC-A12D-A41ACF5CD2F9}
		{83B53AFF-5E43-492D-8818-64A6F6F90313} = {09802268-99AE-CD53-E703-8D35A19A6943}
		{4F91362C-44FC-4B66-9FBA-1A1F01F066E6} = {09802268-99AE-CD53-E703-8D35A19A6943}
		{20CFCC31-6F98-4727-B683-7115E68C03E3} = {90298CBA-BD6F-3A0A-69D5-97CAD7B05E7E}
		{4224A070-0FA6-CFD4-3BB1-08BFFA5AC159} = {B45C9767-1103-6FBC-A12D-A41ACF5CD2F9}
		{6036BFEE-AF83-41FF-912B-E3956E17C9F3} = {4224A070-0FA6-CFD4-3BB1-08BFFA5AC159}
		{E88C8BAB-E1CE-4A55-96B6-B99B693E493D} = {4224A070-0FA6-CFD4-3BB1-08BFFA5AC159}
	EndGlobalSection
EndGlobal
