
Microsoft Visual Studio Solution File, Format Version 12.00
# Visual Studio Version 18
VisualStudioVersion = 18.0.11217.181 d18.0
MinimumVisualStudioVersion = 10.0.40219.1
Project("{FAE04EC0-301F-11D3-BF4B-00C04F79EFBC}") = "LexiCraft.Aspire.Host", "LexiCraft.Aspire.Host\LexiCraft.Aspire.Host.csproj", "{92C44BAC-C466-4B96-9E8E-4B596F7C6C3A}"
EndProject
Project("{FAE04EC0-301F-11D3-BF4B-00C04F79EFBC}") = "LexiCraft.Aspire.ServiceDefaults", "LexiCraft.Aspire.ServiceDefaults\LexiCraft.Aspire.ServiceDefaults.csproj", "{0D5E6DCA-5A8C-4974-88B3-502476C7F005}"
EndProject
Project("{FAE04EC0-301F-11D3-BF4B-00C04F79EFBC}") = "LexiCraft.AuthServer.Infrastructure", "Services\AuthServer\LexiCraft.AuthServer.Infrastructure\LexiCraft.AuthServer.Infrastructure.csproj", "{1AF149F5-916F-4048-B917-1DF3924B9F4A}"
EndProject
Project("{2150E333-8FDC-42A3-9474-1A3956D46DE8}") = "Services", "Services", "{3828E665-D227-42B9-A531-013FE0D1B2C2}"
EndProject
Project("{FAE04EC0-301F-11D3-BF4B-00C04F79EFBC}") = "LexiCraft.AuthServer.Domain", "Services\AuthServer\LexiCraft.AuthServer.Domain\LexiCraft.AuthServer.Domain.csproj", "{0437F9D8-7751-430E-95B2-8791BF4AA608}"
EndProject
Project("{FAE04EC0-301F-11D3-BF4B-00C04F79EFBC}") = "LexiCraft.AuthServer.Application", "Services\AuthServer\LexiCraft.AuthServer.Application\LexiCraft.AuthServer.Application.csproj", "{BC6FFA5D-FD02-49E4-93F3-2FBBC824E07B}"
EndProject
Project("{FAE04EC0-301F-11D3-BF4B-00C04F79EFBC}") = "LexiCraft.AuthServer.Api", "Services\AuthServer\LexiCraft.AuthServer.Api\LexiCraft.AuthServer.Api.csproj", "{9B6FAD30-9DE8-41B2-8737-052739DF8E7F}"
EndProject
Project("{FAE04EC0-301F-11D3-BF4B-00C04F79EFBC}") = "LexiCraft.AuthServer.Application.Contract", "Services\AuthServer\LexiCraft.AuthServer.Application.Contract\LexiCraft.AuthServer.Application.Contract.csproj", "{EC6C2A8F-2F33-4743-9C59-523DBBF56FB0}"
EndProject
Project("{2150E333-8FDC-42A3-9474-1A3956D46DE8}") = "framework", "framework", "{BD3122C1-5B01-4D48-96CE-E5B9166F3E7D}"
EndProject
Project("{FAE04EC0-301F-11D3-BF4B-00C04F79EFBC}") = "Z.FreeRedis", "framework\Z.FreeRedis\Z.FreeRedis.csproj", "{001E35B4-78E3-4A9C-AE7F-D7E91CD72205}"
EndProject
Project("{2150E333-8FDC-42A3-9474-1A3956D46DE8}") = "Solution Items", "Solution Items", "{02EA681E-C7D8-13C7-8484-4AC65E1B71E8}"
	ProjectSection(SolutionItems) = preProject
		..\.gitignore = ..\.gitignore
		..\LICENSE = ..\LICENSE
		..\README.md = ..\README.md
		zversion.props = zversion.props
	EndProjectSection
EndProject
Project("{FAE04EC0-301F-11D3-BF4B-00C04F79EFBC}") = "Z.EventBus", "framework\Z.EventBus\Z.EventBus.csproj", "{3315920D-8401-4426-92C1-F33C80EFC10D}"
EndProject
Project("{FAE04EC0-301F-11D3-BF4B-00C04F79EFBC}") = "Z.Local.EventBus", "framework\Z.Local.EventBus\Z.Local.EventBus.csproj", "{597175CA-B13F-4B00-9DBF-BE9E08CB8493}"
EndProject
Project("{FAE04EC0-301F-11D3-BF4B-00C04F79EFBC}") = "Z.OSSCore", "framework\Z.OSSCore\Z.OSSCore.csproj", "{5284762C-9F25-41D1-9206-336D5DA149B5}"
EndProject
Project("{2150E333-8FDC-42A3-9474-1A3956D46DE8}") = "BuildingBlocks", "BuildingBlocks", "{7A3A10FA-54A3-486B-894C-3AA6C3F07F26}"
EndProject
Project("{FAE04EC0-301F-11D3-BF4B-00C04F79EFBC}") = "BuildingBlocks", "BuildingBlocks\BuildingBlocks\BuildingBlocks.csproj", "{9FF3B6AD-B4E2-4A6F-ACCC-93DF37C7E0B9}"
EndProject
Project("{FAE04EC0-301F-11D3-BF4B-00C04F79EFBC}") = "BuildingBlocks.Authorization", "BuildingBlocks\BuildingBlocks.Authorization\BuildingBlocks.Authorization.csproj", "{E9BA6D77-638B-4BB6-89A4-5181F02808F8}"
EndProject
Project("{2150E333-8FDC-42A3-9474-1A3956D46DE8}") = "AuthServer", "AuthServer", "{185F6FF9-03D3-456C-84D9-2855122CB4D3}"
EndProject
Project("{FAE04EC0-301F-11D3-BF4B-00C04F79EFBC}") = "BuildingBlocks.EntityFrameworkCore", "BuildingBlocks\BuildingBlocks.EntityFrameworkCore\BuildingBlocks.EntityFrameworkCore.csproj", "{28189AE4-F022-44F3-AD89-709DC8337FF3}"
EndProject
Project("{2150E333-8FDC-42A3-9474-1A3956D46DE8}") = "FilesServer", "FilesServer", "{791EB85A-4F30-479B-987D-AE89A67B6A1E}"
EndProject
Project("{FAE04EC0-301F-11D3-BF4B-00C04F79EFBC}") = "LexiCraft.Files.Grpc", "Services\FliesServer\LexiCraft.Files.Grpc\LexiCraft.Files.Grpc.csproj", "{86AA48EC-92A7-4CB5-A0D3-B61E654BBE3C}"
EndProject
Project("{FAE04EC0-301F-11D3-BF4B-00C04F79EFBC}") = "BuildingBlocks.Grpc.Contracts", "BuildingBlocks\BuildingBlocks.Grpc.Contracts\BuildingBlocks.Grpc.Contracts.csproj", "{E8D4FE71-EB5A-4CC8-AE91-D5DA7E59F7ED}"
EndProject
Global
	GlobalSection(SolutionConfigurationPlatforms) = preSolution
		Debug|Any CPU = Debug|Any CPU
		Release|Any CPU = Release|Any CPU
	EndGlobalSection
	GlobalSection(ProjectConfigurationPlatforms) = postSolution
		{92C44BAC-C466-4B96-9E8E-4B596F7C6C3A}.Debug|Any CPU.ActiveCfg = Debug|Any CPU
		{92C44BAC-C466-4B96-9E8E-4B596F7C6C3A}.Debug|Any CPU.Build.0 = Debug|Any CPU
		{92C44BAC-C466-4B96-9E8E-4B596F7C6C3A}.Release|Any CPU.ActiveCfg = Release|Any CPU
		{92C44BAC-C466-4B96-9E8E-4B596F7C6C3A}.Release|Any CPU.Build.0 = Release|Any CPU
		{0D5E6DCA-5A8C-4974-88B3-502476C7F005}.Debug|Any CPU.ActiveCfg = Debug|Any CPU
		{0D5E6DCA-5A8C-4974-88B3-502476C7F005}.Debug|Any CPU.Build.0 = Debug|Any CPU
		{0D5E6DCA-5A8C-4974-88B3-502476C7F005}.Release|Any CPU.ActiveCfg = Release|Any CPU
		{0D5E6DCA-5A8C-4974-88B3-502476C7F005}.Release|Any CPU.Build.0 = Release|Any CPU
		{1AF149F5-916F-4048-B917-1DF3924B9F4A}.Debug|Any CPU.ActiveCfg = Debug|Any CPU
		{1AF149F5-916F-4048-B917-1DF3924B9F4A}.Debug|Any CPU.Build.0 = Debug|Any CPU
		{1AF149F5-916F-4048-B917-1DF3924B9F4A}.Release|Any CPU.ActiveCfg = Release|Any CPU
		{1AF149F5-916F-4048-B917-1DF3924B9F4A}.Release|Any CPU.Build.0 = Release|Any CPU
		{0437F9D8-7751-430E-95B2-8791BF4AA608}.Debug|Any CPU.ActiveCfg = Debug|Any CPU
		{0437F9D8-7751-430E-95B2-8791BF4AA608}.Debug|Any CPU.Build.0 = Debug|Any CPU
		{0437F9D8-7751-430E-95B2-8791BF4AA608}.Release|Any CPU.ActiveCfg = Release|Any CPU
		{0437F9D8-7751-430E-95B2-8791BF4AA608}.Release|Any CPU.Build.0 = Release|Any CPU
		{BC6FFA5D-FD02-49E4-93F3-2FBBC824E07B}.Debug|Any CPU.ActiveCfg = Debug|Any CPU
		{BC6FFA5D-FD02-49E4-93F3-2FBBC824E07B}.Debug|Any CPU.Build.0 = Debug|Any CPU
		{BC6FFA5D-FD02-49E4-93F3-2FBBC824E07B}.Release|Any CPU.ActiveCfg = Release|Any CPU
		{BC6FFA5D-FD02-49E4-93F3-2FBBC824E07B}.Release|Any CPU.Build.0 = Release|Any CPU
		{9B6FAD30-9DE8-41B2-8737-052739DF8E7F}.Debug|Any CPU.ActiveCfg = Debug|Any CPU
		{9B6FAD30-9DE8-41B2-8737-052739DF8E7F}.Debug|Any CPU.Build.0 = Debug|Any CPU
		{9B6FAD30-9DE8-41B2-8737-052739DF8E7F}.Release|Any CPU.ActiveCfg = Release|Any CPU
		{9B6FAD30-9DE8-41B2-8737-052739DF8E7F}.Release|Any CPU.Build.0 = Release|Any CPU
		{EC6C2A8F-2F33-4743-9C59-523DBBF56FB0}.Debug|Any CPU.ActiveCfg = Debug|Any CPU
		{EC6C2A8F-2F33-4743-9C59-523DBBF56FB0}.Debug|Any CPU.Build.0 = Debug|Any CPU
		{EC6C2A8F-2F33-4743-9C59-523DBBF56FB0}.Release|Any CPU.ActiveCfg = Release|Any CPU
		{EC6C2A8F-2F33-4743-9C59-523DBBF56FB0}.Release|Any CPU.Build.0 = Release|Any CPU
		{001E35B4-78E3-4A9C-AE7F-D7E91CD72205}.Debug|Any CPU.ActiveCfg = Debug|Any CPU
		{001E35B4-78E3-4A9C-AE7F-D7E91CD72205}.Debug|Any CPU.Build.0 = Debug|Any CPU
		{001E35B4-78E3-4A9C-AE7F-D7E91CD72205}.Release|Any CPU.ActiveCfg = Release|Any CPU
		{001E35B4-78E3-4A9C-AE7F-D7E91CD72205}.Release|Any CPU.Build.0 = Release|Any CPU
		{3315920D-8401-4426-92C1-F33C80EFC10D}.Debug|Any CPU.ActiveCfg = Debug|Any CPU
		{3315920D-8401-4426-92C1-F33C80EFC10D}.Debug|Any CPU.Build.0 = Debug|Any CPU
		{3315920D-8401-4426-92C1-F33C80EFC10D}.Release|Any CPU.ActiveCfg = Release|Any CPU
		{3315920D-8401-4426-92C1-F33C80EFC10D}.Release|Any CPU.Build.0 = Release|Any CPU
		{597175CA-B13F-4B00-9DBF-BE9E08CB8493}.Debug|Any CPU.ActiveCfg = Debug|Any CPU
		{597175CA-B13F-4B00-9DBF-BE9E08CB8493}.Debug|Any CPU.Build.0 = Debug|Any CPU
		{597175CA-B13F-4B00-9DBF-BE9E08CB8493}.Release|Any CPU.ActiveCfg = Release|Any CPU
		{597175CA-B13F-4B00-9DBF-BE9E08CB8493}.Release|Any CPU.Build.0 = Release|Any CPU
		{5284762C-9F25-41D1-9206-336D5DA149B5}.Debug|Any CPU.ActiveCfg = Debug|Any CPU
		{5284762C-9F25-41D1-9206-336D5DA149B5}.Debug|Any CPU.Build.0 = Debug|Any CPU
		{5284762C-9F25-41D1-9206-336D5DA149B5}.Release|Any CPU.ActiveCfg = Release|Any CPU
		{5284762C-9F25-41D1-9206-336D5DA149B5}.Release|Any CPU.Build.0 = Release|Any CPU
		{9FF3B6AD-B4E2-4A6F-ACCC-93DF37C7E0B9}.Debug|Any CPU.ActiveCfg = Debug|Any CPU
		{9FF3B6AD-B4E2-4A6F-ACCC-93DF37C7E0B9}.Debug|Any CPU.Build.0 = Debug|Any CPU
		{9FF3B6AD-B4E2-4A6F-ACCC-93DF37C7E0B9}.Release|Any CPU.ActiveCfg = Release|Any CPU
		{9FF3B6AD-B4E2-4A6F-ACCC-93DF37C7E0B9}.Release|Any CPU.Build.0 = Release|Any CPU
		{E9BA6D77-638B-4BB6-89A4-5181F02808F8}.Debug|Any CPU.ActiveCfg = Debug|Any CPU
		{E9BA6D77-638B-4BB6-89A4-5181F02808F8}.Debug|Any CPU.Build.0 = Debug|Any CPU
		{E9BA6D77-638B-4BB6-89A4-5181F02808F8}.Release|Any CPU.ActiveCfg = Release|Any CPU
		{E9BA6D77-638B-4BB6-89A4-5181F02808F8}.Release|Any CPU.Build.0 = Release|Any CPU
		{28189AE4-F022-44F3-AD89-709DC8337FF3}.Debug|Any CPU.ActiveCfg = Debug|Any CPU
		{28189AE4-F022-44F3-AD89-709DC8337FF3}.Debug|Any CPU.Build.0 = Debug|Any CPU
		{28189AE4-F022-44F3-AD89-709DC8337FF3}.Release|Any CPU.ActiveCfg = Release|Any CPU
		{28189AE4-F022-44F3-AD89-709DC8337FF3}.Release|Any CPU.Build.0 = Release|Any CPU
		{86AA48EC-92A7-4CB5-A0D3-B61E654BBE3C}.Debug|Any CPU.ActiveCfg = Debug|Any CPU
		{86AA48EC-92A7-4CB5-A0D3-B61E654BBE3C}.Debug|Any CPU.Build.0 = Debug|Any CPU
		{86AA48EC-92A7-4CB5-A0D3-B61E654BBE3C}.Release|Any CPU.ActiveCfg = Release|Any CPU
		{86AA48EC-92A7-4CB5-A0D3-B61E654BBE3C}.Release|Any CPU.Build.0 = Release|Any CPU
		{E8D4FE71-EB5A-4CC8-AE91-D5DA7E59F7ED}.Debug|Any CPU.ActiveCfg = Debug|Any CPU
		{E8D4FE71-EB5A-4CC8-AE91-D5DA7E59F7ED}.Debug|Any CPU.Build.0 = Debug|Any CPU
		{E8D4FE71-EB5A-4CC8-AE91-D5DA7E59F7ED}.Release|Any CPU.ActiveCfg = Release|Any CPU
		{E8D4FE71-EB5A-4CC8-AE91-D5DA7E59F7ED}.Release|Any CPU.Build.0 = Release|Any CPU
	EndGlobalSection
	GlobalSection(SolutionProperties) = preSolution
		HideSolutionNode = FALSE
	EndGlobalSection
	GlobalSection(NestedProjects) = preSolution
		{1AF149F5-916F-4048-B917-1DF3924B9F4A} = {185F6FF9-03D3-456C-84D9-2855122CB4D3}
		{0437F9D8-7751-430E-95B2-8791BF4AA608} = {185F6FF9-03D3-456C-84D9-2855122CB4D3}
		{BC6FFA5D-FD02-49E4-93F3-2FBBC824E07B} = {185F6FF9-03D3-456C-84D9-2855122CB4D3}
		{9B6FAD30-9DE8-41B2-8737-052739DF8E7F} = {185F6FF9-03D3-456C-84D9-2855122CB4D3}
		{EC6C2A8F-2F33-4743-9C59-523DBBF56FB0} = {185F6FF9-03D3-456C-84D9-2855122CB4D3}
		{001E35B4-78E3-4A9C-AE7F-D7E91CD72205} = {BD3122C1-5B01-4D48-96CE-E5B9166F3E7D}
		{3315920D-8401-4426-92C1-F33C80EFC10D} = {BD3122C1-5B01-4D48-96CE-E5B9166F3E7D}
		{597175CA-B13F-4B00-9DBF-BE9E08CB8493} = {BD3122C1-5B01-4D48-96CE-E5B9166F3E7D}
		{5284762C-9F25-41D1-9206-336D5DA149B5} = {BD3122C1-5B01-4D48-96CE-E5B9166F3E7D}
		{9FF3B6AD-B4E2-4A6F-ACCC-93DF37C7E0B9} = {7A3A10FA-54A3-486B-894C-3AA6C3F07F26}
		{E9BA6D77-638B-4BB6-89A4-5181F02808F8} = {7A3A10FA-54A3-486B-894C-3AA6C3F07F26}
		{185F6FF9-03D3-456C-84D9-2855122CB4D3} = {3828E665-D227-42B9-A531-013FE0D1B2C2}
		{28189AE4-F022-44F3-AD89-709DC8337FF3} = {7A3A10FA-54A3-486B-894C-3AA6C3F07F26}
		{791EB85A-4F30-479B-987D-AE89A67B6A1E} = {3828E665-D227-42B9-A531-013FE0D1B2C2}
		{86AA48EC-92A7-4CB5-A0D3-B61E654BBE3C} = {791EB85A-4F30-479B-987D-AE89A67B6A1E}
		{E8D4FE71-EB5A-4CC8-AE91-D5DA7E59F7ED} = {7A3A10FA-54A3-486B-894C-3AA6C3F07F26}
	EndGlobalSection
EndGlobal
